PODS:
  - Alamofire (4.5.1)
  - AlamofireObjectMapper (5.0.0):
    - Alamofire (~> 4.1)
    - ObjectMapper (~> 3.0)
  - Bolts (1.8.4):
    - Bolts/AppLinks (= 1.8.4)
    - Bolts/Tasks (= 1.8.4)
  - Bolts/AppLinks (1.8.4):
    - Bolts/Tasks
  - Bolts/Tasks (1.8.4)
  - BPViewsSubviewsInOutAnimation (1.2.0)
  - DropDown (2.0.2)
  - FBSDKCoreKit (4.29.0):
    - Bolts (~> 1.7)
  - FBSDKLoginKit (4.29.0):
    - FBSDKCoreKit
  - IQKeyboardManagerSwift (5.0.0)
  - MarqueeLabel/Swift (3.1.3)
  - NotificationBannerSwift (1.5.1):
    - MarqueeLabel/Swift
    - SnapKit (~> 4.0)
  - ObjectMapper (3.1.0)
  - ReachabilitySwift (4.1.0)
  - SDWebImage (4.2.2):
    - SDWebImage/Core (= 4.2.2)
  - SDWebImage/Core (4.2.2)
  - SnapKit (4.0.0)
  - SVProgressHUD (2.2.2)
  - SwiftKeychainWrapper (3.0.1)

DEPENDENCIES:
  - AlamofireObjectMapper (~> 5.0)
  - BPViewsSubviewsInOutAnimation
  - DropDown
  - FBSDKLoginKit
  - IQKeyboardManagerSwift (= 5.0.0)
  - NotificationBannerSwift
  - ReachabilitySwift
  - SDWebImage (~> 4.0)
  - SVProgressHUD (from `https://github.com/SVProgressHUD/SVProgressHUD.git`)
  - SwiftKeychainWrapper (~> 3.0)

EXTERNAL SOURCES:
  SVProgressHUD:
    :git: https://github.com/SVProgressHUD/SVProgressHUD.git

CHECKOUT OPTIONS:
  SVProgressHUD:
    :commit: bb4e4e460d4f8e2ecf20af99797f781e7cc09d8f
    :git: https://github.com/SVProgressHUD/SVProgressHUD.git

SPEC CHECKSUMS:
  Alamofire: 2d95912bf4c34f164fdfc335872e8c312acaea4a
  AlamofireObjectMapper: 5fafc816351cbbc0d486611aaeba7461c0cbad49
  Bolts: 8a7995239dbe724f9cba2248b766d48b7ebdd322
  BPViewsSubviewsInOutAnimation: 6c8bbe7538e201238f4515759046087e0bf1ac59
  DropDown: 75562633a203f57a917021b4edb96c76f293b0ec
  FBSDKCoreKit: 6f139173dc63a1deaff4430a55f2fe5bb222d2af
  FBSDKLoginKit: 56a057ca6822535ea0faa25f57a7c41edb697fd4
  IQKeyboardManagerSwift: 3f340202ebe1a7076279b9b9b3c817243ddb3aab
  MarqueeLabel: baa5753dcbd36dca080e1f5c589a665aa5c906f1
  NotificationBannerSwift: 666e6c392238561c17a52db4c50e6f00d9942e0d
  ObjectMapper: 20505058f54e5c3ca69e1d6de9897d152a5369a6
  ReachabilitySwift: 6849231cd4e06559f3b9ef4a97a0a0f96d41e09f
  SDWebImage: 89a9d32cd520bbb46eb14e541d5109b3564af198
  SnapKit: a42d492c16e80209130a3379f73596c3454b7694
  SVProgressHUD: 59b2d3dabacbd051576d21d32293ca7228dc18b0
  SwiftKeychainWrapper: 38952a3636320ae61bad3513cadd870929de7a4a

PODFILE CHECKSUM: 03250a5a891139c2fa206448d45a401c23802fad

COCOAPODS: 1.3.1
